
Microsoft Visual Studio Solution File, Format Version 12.00
# Visual Studio Version 17
VisualStudioVersion = 17.7.34221.43
MinimumVisualStudioVersion = 10.0.40219.1
Project("{FAE04EC0-301F-11D3-BF4B-00C04F79EFBC}") = "triangulo", "triangulo\triangulo.csproj", "{98ECA35A-D8B1-4657-A502-42741F4D9490}"
EndProject
Global
	GlobalSection(SolutionConfigurationPlatforms) = preSolution
		Debug|Any CPU = Debug|Any CPU
		Release|Any CPU = Release|Any CPU
	EndGlobalSection
	GlobalSection(ProjectConfigurationPlatforms) = postSolution
		{98ECA35A-D8B1-4657-A502-42741F4D9490}.Debug|Any CPU.ActiveCfg = Debug|Any CPU
		{98ECA35A-D8B1-4657-A502-42741F4D9490}.Debug|Any CPU.Build.0 = Debug|Any CPU
		{98ECA35A-D8B1-4657-A502-42741F4D9490}.Release|Any CPU.ActiveCfg = Release|Any CPU
		{98ECA35A-D8B1-4657-A502-42741F4D9490}.Release|Any CPU.Build.0 = Release|Any CPU
	EndGlobalSection
	GlobalSection(SolutionProperties) = preSolution
		HideSolutionNode = FALSE
	EndGlobalSection
	GlobalSection(ExtensibilityGlobals) = postSolution
		SolutionGuid = {AC331BDC-F33F-4AD6-AFE4-093CC60ABB42}
	EndGlobalSection
EndGlobal
